
Microsoft Visual Studio Solution File, Format Version 12.00
# Visual Studio 15
Project("{FAE04EC0-301F-11D3-BF4B-00C04F79EFBC}") = "Assembly-CSharp", "Assembly-CSharp.csproj", "{7F3C0F55-57C4-E79C-B9A4-97F0AAF19F87}"
EndProject
Project("{FAE04EC0-301F-11D3-BF4B-00C04F79EFBC}") = "Assembly-CSharp-Editor", "Assembly-CSharp-Editor.csproj", "{D38F6E3E-07FC-1697-2C71-2C29079F55BF}"
EndProject
Global
	GlobalSection(SolutionConfigurationPlatforms) = preSolution
		Debug|Any CPU = Debug|Any CPU
		Release|Any CPU = Release|Any CPU
	EndGlobalSection
	GlobalSection(ProjectConfigurationPlatforms) = postSolution
		{7F3C0F55-57C4-E79C-B9A4-97F0AAF19F87}.Debug|Any CPU.ActiveCfg = Debug|Any CPU
		{7F3C0F55-57C4-E79C-B9A4-97F0AAF19F87}.Debug|Any CPU.Build.0 = Debug|Any CPU
		{7F3C0F55-57C4-E79C-B9A4-97F0AAF19F87}.Release|Any CPU.ActiveCfg = Release|Any CPU
		{7F3C0F55-57C4-E79C-B9A4-97F0AAF19F87}.Release|Any CPU.Build.0 = Release|Any CPU
		{D38F6E3E-07FC-1697-2C71-2C29079F55BF}.Debug|Any CPU.ActiveCfg = Debug|Any CPU
		{D38F6E3E-07FC-1697-2C71-2C29079F55BF}.Debug|Any CPU.Build.0 = Debug|Any CPU
		{D38F6E3E-07FC-1697-2C71-2C29079F55BF}.Release|Any CPU.ActiveCfg = Release|Any CPU
		{D38F6E3E-07FC-1697-2C71-2C29079F55BF}.Release|Any CPU.Build.0 = Release|Any CPU
	EndGlobalSection
	GlobalSection(SolutionProperties) = preSolution
		HideSolutionNode = FALSE
	EndGlobalSection
EndGlobal
